
Microsoft Visual Studio Solution File, Format Version 12.00
# Visual Studio Version 16
VisualStudioVersion = 16.0.29709.97
MinimumVisualStudioVersion = 10.0.40219.1
Project("{FAE04EC0-301F-11D3-BF4B-00C04F79EFBC}") = "CSC439_Group4_Toppers", "CSC439_Group4_Toppers\CSC439_Group4_Toppers.csproj", "{E11CD06C-C3EB-492A-B795-EA14F54B984F}"
EndProject
Global
	GlobalSection(SolutionConfigurationPlatforms) = preSolution
		Debug|Any CPU = Debug|Any CPU
		Release|Any CPU = Release|Any CPU
	EndGlobalSection
	GlobalSection(ProjectConfigurationPlatforms) = postSolution
		{E11CD06C-C3EB-492A-B795-EA14F54B984F}.Debug|Any CPU.ActiveCfg = Debug|Any CPU
		{E11CD06C-C3EB-492A-B795-EA14F54B984F}.Debug|Any CPU.Build.0 = Debug|Any CPU
		{E11CD06C-C3EB-492A-B795-EA14F54B984F}.Release|Any CPU.ActiveCfg = Release|Any CPU
		{E11CD06C-C3EB-492A-B795-EA14F54B984F}.Release|Any CPU.Build.0 = Release|Any CPU
	EndGlobalSection
	GlobalSection(SolutionProperties) = preSolution
		HideSolutionNode = FALSE
	EndGlobalSection
	GlobalSection(ExtensibilityGlobals) = postSolution
		SolutionGuid = {626F87D6-4A25-4F6C-84A5-7ED271F311EF}
	EndGlobalSection
EndGlobal
